
Microsoft Visual Studio Solution File, Format Version 12.00
# Visual Studio 2013
VisualStudioVersion = 12.0.31101.0
MinimumVisualStudioVersion = 10.0.40219.1
Project("{FAE04EC0-301F-11D3-BF4B-00C04F79EFBC}") = "BackEnd", "BackEnd\BackEnd.csproj", "{14B110AF-1ABE-4851-80E3-AFF62F52AB98}"
EndProject
Project("{FAE04EC0-301F-11D3-BF4B-00C04F79EFBC}") = "BackEnd.Tests", "BackEnd.Tests\BackEnd.Tests.csproj", "{5EBA64DD-CF74-4538-A7C5-4E73D073D592}"
EndProject
Global
	GlobalSection(SolutionConfigurationPlatforms) = preSolution
		Debug|Any CPU = Debug|Any CPU
		Release|Any CPU = Release|Any CPU
	EndGlobalSection
	GlobalSection(ProjectConfigurationPlatforms) = postSolution
		{14B110AF-1ABE-4851-80E3-AFF62F52AB98}.Debug|Any CPU.ActiveCfg = Debug|Any CPU
		{14B110AF-1ABE-4851-80E3-AFF62F52AB98}.Debug|Any CPU.Build.0 = Debug|Any CPU
		{14B110AF-1ABE-4851-80E3-AFF62F52AB98}.Release|Any CPU.ActiveCfg = Release|Any CPU
		{14B110AF-1ABE-4851-80E3-AFF62F52AB98}.Release|Any CPU.Build.0 = Release|Any CPU
		{5EBA64DD-CF74-4538-A7C5-4E73D073D592}.Debug|Any CPU.ActiveCfg = Debug|Any CPU
		{5EBA64DD-CF74-4538-A7C5-4E73D073D592}.Debug|Any CPU.Build.0 = Debug|Any CPU
		{5EBA64DD-CF74-4538-A7C5-4E73D073D592}.Release|Any CPU.ActiveCfg = Release|Any CPU
		{5EBA64DD-CF74-4538-A7C5-4E73D073D592}.Release|Any CPU.Build.0 = Release|Any CPU
	EndGlobalSection
	GlobalSection(SolutionProperties) = preSolution
		HideSolutionNode = FALSE
	EndGlobalSection
EndGlobal
